PODS:
  - Masonry (1.0.2)
  - SDWebImage (3.8.2):
    - SDWebImage/Core (= 3.8.2)
  - SDWebImage/Core (3.8.2)
  - XMNetworking (1.0.2):
    - XMNetworking/Core (= 1.0.2)
    - XMNetworking/Lib (= 1.0.2)
  - XMNetworking/Core (1.0.2):
    - XMNetworking/Lib/AFNetworking-3.1.0
  - XMNetworking/Lib (1.0.2):
    - XMNetworking/Lib/AFNetworking-3.1.0 (= 1.0.2)
  - XMNetworking/Lib/AFNetworking-3.1.0 (1.0.2)
  - YYModel (1.0.4)

DEPENDENCIES:
  - Masonry
  - SDWebImage (~> 3.8)
  - XMNetworking
  - YYModel

SPEC CHECKSUMS:
  Masonry: 7c429b56da9d4ee0bbb3ed77a5ea710d6a5df39e
  SDWebImage: 098e97e6176540799c27e804c96653ee0833d13c
  XMNetworking: bcc1d167c4386fb6bfefb0d6c7087f09333c2e09
  YYModel: 2a7fdd96aaa4b86a824e26d0c517de8928c04b30

PODFILE CHECKSUM: fc8d65bbf7eb6216bac01fe88d8eb9900220cadb

COCOAPODS: 1.2.0.beta.1
